// !$*UTF8*$!
{
	archiveVersion = 1;
	classes = {
	};
	objectVersion = 55;
	objects = {

/* Begin PBXBuildFile section */
		71A2042A286BB2AE00790CF9 /* AppDelegate.swift in Sources */ = {isa = PBXBuildFile; fileRef = 71A20429286BB2AE00790CF9 /* AppDelegate.swift */; };
		71A2042C286BB2AE00790CF9 /* SceneDelegate.swift in Sources */ = {isa = PBXBuildFile; fileRef = 71A2042B286BB2AE00790CF9 /* SceneDelegate.swift */; };
		71A2042E286BB2AE00790CF9 /* ViewController.swift in Sources */ = {isa = PBXBuildFile; fileRef = 71A2042D286BB2AE00790CF9 /* ViewController.swift */; };
		71A20431286BB2AE00790CF9 /* Main.storyboard in Resources */ = {isa = PBXBuildFile; fileRef = 71A2042F286BB2AE00790CF9 /* Main.storyboard */; };
		71A20434286BB2AE00790CF9 /* Maritimum.xcdatamodeld in Sources */ = {isa = PBXBuildFile; fileRef = 71A20432286BB2AE00790CF9 /* Maritimum.xcdatamodeld */; };
		71A20436286BB2AF00790CF9 /* Assets.xcassets in Resources */ = {isa = PBXBuildFile; fileRef = 71A20435286BB2AF00790CF9 /* Assets.xcassets */; };
		71A20439286BB2AF00790CF9 /* LaunchScreen.storyboard in Resources */ = {isa = PBXBuildFile; fileRef = 71A20437286BB2AF00790CF9 /* LaunchScreen.storyboard */; };
		71A20444286BB2AF00790CF9 /* MaritimumTests.swift in Sources */ = {isa = PBXBuildFile; fileRef = 71A20443286BB2AF00790CF9 /* MaritimumTests.swift */; };
		71A2044E286BB2AF00790CF9 /* MaritimumUITests.swift in Sources */ = {isa = PBXBuildFile; fileRef = 71A2044D286BB2AF00790CF9 /* MaritimumUITests.swift */; };
		71A20450286BB2AF00790CF9 /* MaritimumUITestsLaunchTests.swift in Sources */ = {isa = PBXBuildFile; fileRef = 71A2044F286BB2AF00790CF9 /* MaritimumUITestsLaunchTests.swift */; };
		71A58CED28BFB7F200CAF2E5 /* locations.plist in Resources */ = {isa = PBXBuildFile; fileRef = 71A58CEC28BFB7F200CAF2E5 /* locations.plist */; };
/* End PBXBuildFile section */

/* Begin PBXContainerItemProxy section */
		71A20440286BB2AF00790CF9 /* PBXContainerItemProxy */ = {
			isa = PBXContainerItemProxy;
			containerPortal = 71A2041E286BB2AE00790CF9 /* Project object */;
			proxyType = 1;
			remoteGlobalIDString = 71A20425286BB2AE00790CF9;
			remoteInfo = Maritimum;
		};
		71A2044A286BB2AF00790CF9 /* PBXContainerItemProxy */ = {
			isa = PBXContainerItemProxy;
			containerPortal = 71A2041E286BB2AE00790CF9 /* Project object */;
			proxyType = 1;
			remoteGlobalIDString = 71A20425286BB2AE00790CF9;
			remoteInfo = Maritimum;
		};
/* End PBXContainerItemProxy section */

/* Begin PBXFileReference section */
		71A20426286BB2AE00790CF9 /* Maritimum.app */ = {isa = PBXFileReference; explicitFileType = wrapper.application; includeInIndex = 0; path = Maritimum.app; sourceTree = BUILT_PRODUCTS_DIR; };
		71A20429286BB2AE00790CF9 /* AppDelegate.swift */ = {isa = PBXFileReference; lastKnownFileType = sourcecode.swift; path = AppDelegate.swift; sourceTree = "<group>"; };
		71A2042B286BB2AE00790CF9 /* SceneDelegate.swift */ = {isa = PBXFileReference; lastKnownFileType = sourcecode.swift; path = SceneDelegate.swift; sourceTree = "<group>"; };
		71A2042D286BB2AE00790CF9 /* ViewController.swift */ = {isa = PBXFileReference; lastKnownFileType = sourcecode.swift; path = ViewController.swift; sourceTree = "<group>"; };
		71A20430286BB2AE00790CF9 /* Base */ = {isa = PBXFileReference; lastKnownFileType = file.storyboard; name = Base; path = Base.lproj/Main.storyboard; sourceTree = "<group>"; };
		71A20433286BB2AE00790CF9 /* Maritimum.xcdatamodel */ = {isa = PBXFileReference; lastKnownFileType = wrapper.xcdatamodel; path = Maritimum.xcdatamodel; sourceTree = "<group>"; };
		71A20435286BB2AF00790CF9 /* Assets.xcassets */ = {isa = PBXFileReference; lastKnownFileType = folder.assetcatalog; path = Assets.xcassets; sourceTree = "<group>"; };
		71A20438286BB2AF00790CF9 /* Base */ = {isa = PBXFileReference; lastKnownFileType = file.storyboard; name = Base; path = Base.lproj/LaunchScreen.storyboard; sourceTree = "<group>"; };
		71A2043A286BB2AF00790CF9 /* Info.plist */ = {isa = PBXFileReference; lastKnownFileType = text.plist.xml; path = Info.plist; sourceTree = "<group>"; };
		71A2043F286BB2AF00790CF9 /* MaritimumTests.xctest */ = {isa = PBXFileReference; explicitFileType = wrapper.cfbundle; includeInIndex = 0; path = MaritimumTests.xctest; sourceTree = BUILT_PRODUCTS_DIR; };
		71A20443286BB2AF00790CF9 /* MaritimumTests.swift */ = {isa = PBXFileReference; lastKnownFileType = sourcecode.swift; path = MaritimumTests.swift; sourceTree = "<group>"; };
		71A20449286BB2AF00790CF9 /* MaritimumUITests.xctest */ = {isa = PBXFileReference; explicitFileType = wrapper.cfbundle; includeInIndex = 0; path = MaritimumUITests.xctest; sourceTree = BUILT_PRODUCTS_DIR; };
		71A2044D286BB2AF00790CF9 /* MaritimumUITests.swift */ = {isa = PBXFileReference; lastKnownFileType = sourcecode.swift; path = MaritimumUITests.swift; sourceTree = "<group>"; };
		71A2044F286BB2AF00790CF9 /* MaritimumUITestsLaunchTests.swift */ = {isa = PBXFileReference; lastKnownFileType = sourcecode.swift; path = MaritimumUITestsLaunchTests.swift; sourceTree = "<group>"; };
		71A58CEC28BFB7F200CAF2E5 /* locations.plist */ = {isa = PBXFileReference; fileEncoding = 4; lastKnownFileType = text.plist.xml; path = locations.plist; sourceTree = "<group>"; };
/* End PBXFileReference section */

/* Begin PBXFrameworksBuildPhase section */
		71A20423286BB2AE00790CF9 /* Frameworks */ = {
			isa = PBXFrameworksBuildPhase;
			buildActionMask = 2147483647;
			files = (
			);
			runOnlyForDeploymentPostprocessing = 0;
		};
		71A2043C286BB2AF00790CF9 /* Frameworks */ = {
			isa = PBXFrameworksBuildPhase;
			buildActionMask = 2147483647;
			files = (
			);
			runOnlyForDeploymentPostprocessing = 0;
		};
		71A20446286BB2AF00790CF9 /* Frameworks */ = {
			isa = PBXFrameworksBuildPhase;
			buildActionMask = 2147483647;
			files = (
			);
			runOnlyForDeploymentPostprocessing = 0;
		};
/* End PBXFrameworksBuildPhase section */

/* Begin PBXGroup section */
		71A2041D286BB2AE00790CF9 = {
			isa = PBXGroup;
			children = (
				71A20428286BB2AE00790CF9 /* Maritimum */,
				71A20442286BB2AF00790CF9 /* MaritimumTests */,
				71A2044C286BB2AF00790CF9 /* MaritimumUITests */,
				71A20427286BB2AE00790CF9 /* Products */,
			);
			sourceTree = "<group>";
		};
		71A20427286BB2AE00790CF9 /* Products */ = {
			isa = PBXGroup;
			children = (
				71A20426286BB2AE00790CF9 /* Maritimum.app */,
				71A2043F286BB2AF00790CF9 /* MaritimumTests.xctest */,
				71A20449286BB2AF00790CF9 /* MaritimumUITests.xctest */,
			);
			name = Products;
			sourceTree = "<group>";
		};
		71A20428286BB2AE00790CF9 /* Maritimum */ = {
			isa = PBXGroup;
			children = (
				71A20429286BB2AE00790CF9 /* AppDelegate.swift */,
				71A2042B286BB2AE00790CF9 /* SceneDelegate.swift */,
				71A2042D286BB2AE00790CF9 /* ViewController.swift */,
				71A2042F286BB2AE00790CF9 /* Main.storyboard */,
				71A20435286BB2AF00790CF9 /* Assets.xcassets */,
				71A20437286BB2AF00790CF9 /* LaunchScreen.storyboard */,
				71A2043A286BB2AF00790CF9 /* Info.plist */,
				71A58CEC28BFB7F200CAF2E5 /* locations.plist */,
				71A20432286BB2AE00790CF9 /* Maritimum.xcdatamodeld */,
			);
			path = Maritimum;
			sourceTree = "<group>";
		};
		71A20442286BB2AF00790CF9 /* MaritimumTests */ = {
			isa = PBXGroup;
			children = (
				71A20443286BB2AF00790CF9 /* MaritimumTests.swift */,
			);
			path = MaritimumTests;
			sourceTree = "<group>";
		};
		71A2044C286BB2AF00790CF9 /* MaritimumUITests */ = {
			isa = PBXGroup;
			children = (
				71A2044D286BB2AF00790CF9 /* MaritimumUITests.swift */,
				71A2044F286BB2AF00790CF9 /* MaritimumUITestsLaunchTests.swift */,
			);
			path = MaritimumUITests;
			sourceTree = "<group>";
		};
/* End PBXGroup section */

/* Begin PBXNativeTarget section */
		71A20425286BB2AE00790CF9 /* Maritimum */ = {
			isa = PBXNativeTarget;
			buildConfigurationList = 71A20453286BB2AF00790CF9 /* Build configuration list for PBXNativeTarget "Maritimum" */;
			buildPhases = (
				71A20422286BB2AE00790CF9 /* Sources */,
				71A20423286BB2AE00790CF9 /* Frameworks */,
				71A20424286BB2AE00790CF9 /* Resources */,
			);
			buildRules = (
			);
			dependencies = (
			);
			name = Maritimum;
			productName = Maritimum;
			productReference = 71A20426286BB2AE00790CF9 /* Maritimum.app */;
			productType = "com.apple.product-type.application";
		};
		71A2043E286BB2AF00790CF9 /* MaritimumTests */ = {
			isa = PBXNativeTarget;
			buildConfigurationList = 71A20456286BB2AF00790CF9 /* Build configuration list for PBXNativeTarget "MaritimumTests" */;
			buildPhases = (
				71A2043B286BB2AF00790CF9 /* Sources */,
				71A2043C286BB2AF00790CF9 /* Frameworks */,
				71A2043D286BB2AF00790CF9 /* Resources */,
			);
			buildRules = (
			);
			dependencies = (
				71A20441286BB2AF00790CF9 /* PBXTargetDependency */,
			);
			name = MaritimumTests;
			productName = MaritimumTests;
			productReference = 71A2043F286BB2AF00790CF9 /* MaritimumTests.xctest */;
			productType = "com.apple.product-type.bundle.unit-test";
		};
		71A20448286BB2AF00790CF9 /* MaritimumUITests */ = {
			isa = PBXNativeTarget;
			buildConfigurationList = 71A20459286BB2AF00790CF9 /* Build configuration list for PBXNativeTarget "MaritimumUITests" */;
			buildPhases = (
				71A20445286BB2AF00790CF9 /* Sources */,
				71A20446286BB2AF00790CF9 /* Frameworks */,
				71A20447286BB2AF00790CF9 /* Resources */,
			);
			buildRules = (
			);
			dependencies = (
				71A2044B286BB2AF00790CF9 /* PBXTargetDependency */,
			);
			name = MaritimumUITests;
			productName = MaritimumUITests;
			productReference = 71A20449286BB2AF00790CF9 /* MaritimumUITests.xctest */;
			productType = "com.apple.product-type.bundle.ui-testing";
		};
/* End PBXNativeTarget section */

/* Begin PBXProject section */
		71A2041E286BB2AE00790CF9 /* Project object */ = {
			isa = PBXProject;
			attributes = {
				BuildIndependentTargetsInParallel = 1;
				LastSwiftUpdateCheck = 1340;
				LastUpgradeCheck = 1340;
				TargetAttributes = {
					71A20425286BB2AE00790CF9 = {
						CreatedOnToolsVersion = 13.4.1;
					};
					71A2043E286BB2AF00790CF9 = {
						CreatedOnToolsVersion = 13.4.1;
						TestTargetID = 71A20425286BB2AE00790CF9;
					};
					71A20448286BB2AF00790CF9 = {
						CreatedOnToolsVersion = 13.4.1;
						TestTargetID = 71A20425286BB2AE00790CF9;
					};
				};
			};
			buildConfigurationList = 71A20421286BB2AE00790CF9 /* Build configuration list for PBXProject "Maritimum" */;
			compatibilityVersion = "Xcode 13.0";
			developmentRegion = en;
			hasScannedForEncodings = 0;
			knownRegions = (
				en,
				Base,
			);
			mainGroup = 71A2041D286BB2AE00790CF9;
			productRefGroup = 71A20427286BB2AE00790CF9 /* Products */;
			projectDirPath = "";
			projectRoot = "";
			targets = (
				71A20425286BB2AE00790CF9 /* Maritimum */,
				71A2043E286BB2AF00790CF9 /* MaritimumTests */,
				71A20448286BB2AF00790CF9 /* MaritimumUITests */,
			);
		};
/* End PBXProject section */

/* Begin PBXResourcesBuildPhase section */
		71A20424286BB2AE00790CF9 /* Resources */ = {
			isa = PBXResourcesBuildPhase;
			buildActionMask = 2147483647;
			files = (
				71A20439286BB2AF00790CF9 /* LaunchScreen.storyboard in Resources */,
				71A58CED28BFB7F200CAF2E5 /* locations.plist in Resources */,
				71A20436286BB2AF00790CF9 /* Assets.xcassets in Resources */,
				71A20431286BB2AE00790CF9 /* Main.storyboard in Resources */,
			);
			runOnlyForDeploymentPostprocessing = 0;
		};
		71A2043D286BB2AF00790CF9 /* Resources */ = {
			isa = PBXResourcesBuildPhase;
			buildActionMask = 2147483647;
			files = (
			);
			runOnlyForDeploymentPostprocessing = 0;
		};
		71A20447286BB2AF00790CF9 /* Resources */ = {
			isa = PBXResourcesBuildPhase;
			buildActionMask = 2147483647;
			files = (
			);
			runOnlyForDeploymentPostprocessing = 0;
		};
/* End PBXResourcesBuildPhase section */

/* Begin PBXSourcesBuildPhase section */
		71A20422286BB2AE00790CF9 /* Sources */ = {
			isa = PBXSourcesBuildPhase;
			buildActionMask = 2147483647;
			files = (
				71A2042E286BB2AE00790CF9 /* ViewController.swift in Sources */,
				71A2042A286BB2AE00790CF9 /* AppDelegate.swift in Sources */,
				71A2042C286BB2AE00790CF9 /* SceneDelegate.swift in Sources */,
				71A20434286BB2AE00790CF9 /* Maritimum.xcdatamodeld in Sources */,
			);
			runOnlyForDeploymentPostprocessing = 0;
		};
		71A2043B286BB2AF00790CF9 /* Sources */ = {
			isa = PBXSourcesBuildPhase;
			buildActionMask = 2147483647;
			files = (
				71A20444286BB2AF00790CF9 /* MaritimumTests.swift in Sources */,
			);
			runOnlyForDeploymentPostprocessing = 0;
		};
		71A20445286BB2AF00790CF9 /* Sources */ = {
			isa = PBXSourcesBuildPhase;
			buildActionMask = 2147483647;
			files = (
				71A20450286BB2AF00790CF9 /* MaritimumUITestsLaunchTests.swift in Sources */,
				71A2044E286BB2AF00790CF9 /* MaritimumUITests.swift in Sources */,
			);
			runOnlyForDeploymentPostprocessing = 0;
		};
/* End PBXSourcesBuildPhase section */

/* Begin PBXTargetDependency section */
		71A20441286BB2AF00790CF9 /* PBXTargetDependency */ = {
			isa = PBXTargetDependency;
			target = 71A20425286BB2AE00790CF9 /* Maritimum */;
			targetProxy = 71A20440286BB2AF00790CF9 /* PBXContainerItemProxy */;
		};
		71A2044B286BB2AF00790CF9 /* PBXTargetDependency */ = {
			isa = PBXTargetDependency;
			target = 71A20425286BB2AE00790CF9 /* Maritimum */;
			targetProxy = 71A2044A286BB2AF00790CF9 /* PBXContainerItemProxy */;
		};
/* End PBXTargetDependency section */

/* Begin PBXVariantGroup section */
		71A2042F286BB2AE00790CF9 /* Main.storyboard */ = {
			isa = PBXVariantGroup;
			children = (
				71A20430286BB2AE00790CF9 /* Base */,
			);
			name = Main.storyboard;
			sourceTree = "<group>";
		};
		71A20437286BB2AF00790CF9 /* LaunchScreen.storyboard */ = {
			isa = PBXVariantGroup;
			children = (
				71A20438286BB2AF00790CF9 /* Base */,
			);
			name = LaunchScreen.storyboard;
			sourceTree = "<group>";
		};
/* End PBXVariantGroup section */

/* Begin XCBuildConfiguration section */
		71A20451286BB2AF00790CF9 /* Debug */ = {
			isa = XCBuildConfiguration;
			buildSettings = {
				ALWAYS_SEARCH_USER_PATHS = NO;
				CLANG_ANALYZER_NONNULL = YES;
				CLANG_ANALYZER_NUMBER_OBJECT_CONVERSION = YES_AGGRESSIVE;
				CLANG_CXX_LANGUAGE_STANDARD = "gnu++17";
				CLANG_ENABLE_MODULES = YES;
				CLANG_ENABLE_OBJC_ARC = YES;
				CLANG_ENABLE_OBJC_WEAK = YES;
				CLANG_WARN_BLOCK_CAPTURE_AUTORELEASING = YES;
				CLANG_WARN_BOOL_CONVERSION = YES;
				CLANG_WARN_COMMA = YES;
				CLANG_WARN_CONSTANT_CONVERSION = YES;
				CLANG_WARN_DEPRECATED_OBJC_IMPLEMENTATIONS = YES;
				CLANG_WARN_DIRECT_OBJC_ISA_USAGE = YES_ERROR;
				CLANG_WARN_DOCUMENTATION_COMMENTS = YES;
				CLANG_WARN_EMPTY_BODY = YES;
				CLANG_WARN_ENUM_CONVERSION = YES;
				CLANG_WARN_INFINITE_RECURSION = YES;
				CLANG_WARN_INT_CONVERSION = YES;
				CLANG_WARN_NON_LITERAL_NULL_CONVERSION = YES;
				CLANG_WARN_OBJC_IMPLICIT_RETAIN_SELF = YES;
				CLANG_WARN_OBJC_LITERAL_CONVERSION = YES;
				CLANG_WARN_OBJC_ROOT_CLASS = YES_ERROR;
				CLANG_WARN_QUOTED_INCLUDE_IN_FRAMEWORK_HEADER = YES;
				CLANG_WARN_RANGE_LOOP_ANALYSIS = YES;
				CLANG_WARN_STRICT_PROTOTYPES = YES;
				CLANG_WARN_SUSPICIOUS_MOVE = YES;
				CLANG_WARN_UNGUARDED_AVAILABILITY = YES_AGGRESSIVE;
				CLANG_WARN_UNREACHABLE_CODE = YES;
				CLANG_WARN__DUPLICATE_METHOD_MATCH = YES;
				COPY_PHASE_STRIP = NO;
				DEBUG_INFORMATION_FORMAT = dwarf;
				ENABLE_STRICT_OBJC_MSGSEND = YES;
				ENABLE_TESTABILITY = YES;
				GCC_C_LANGUAGE_STANDARD = gnu11;
				GCC_DYNAMIC_NO_PIC = NO;
				GCC_NO_COMMON_BLOCKS = YES;
				GCC_OPTIMIZATION_LEVEL = 0;
				GCC_PREPROCESSOR_DEFINITIONS = (
					"DEBUG=1",
					"$(inherited)",
				);
				GCC_WARN_64_TO_32_BIT_CONVERSION = YES;
				GCC_WARN_ABOUT_RETURN_TYPE = YES_ERROR;
				GCC_WARN_UNDECLARED_SELECTOR = YES;
				GCC_WARN_UNINITIALIZED_AUTOS = YES_AGGRESSIVE;
				GCC_WARN_UNUSED_FUNCTION = YES;
				GCC_WARN_UNUSED_VARIABLE = YES;
				IPHONEOS_DEPLOYMENT_TARGET = 15.5;
				MTL_ENABLE_DEBUG_INFO = INCLUDE_SOURCE;
				MTL_FAST_MATH = YES;
				ONLY_ACTIVE_ARCH = YES;
				SDKROOT = iphoneos;
				SWIFT_ACTIVE_COMPILATION_CONDITIONS = DEBUG;
				SWIFT_OPTIMIZATION_LEVEL = "-Onone";
			};
			name = Debug;
		};
		71A20452286BB2AF00790CF9 /* Release */ = {
			isa = XCBuildConfiguration;
			buildSettings = {
				ALWAYS_SEARCH_USER_PATHS = NO;
				CLANG_ANALYZER_NONNULL = YES;
				CLANG_ANALYZER_NUMBER_OBJECT_CONVERSION = YES_AGGRESSIVE;
				CLANG_CXX_LANGUAGE_STANDARD = "gnu++17";
				CLANG_ENABLE_MODULES = YES;
				CLANG_ENABLE_OBJC_ARC = YES;
				CLANG_ENABLE_OBJC_WEAK = YES;
				CLANG_WARN_BLOCK_CAPTURE_AUTORELEASING = YES;
				CLANG_WARN_BOOL_CONVERSION = YES;
				CLANG_WARN_COMMA = YES;
				CLANG_WARN_CONSTANT_CONVERSION = YES;
				CLANG_WARN_DEPRECATED_OBJC_IMPLEMENTATIONS = YES;
				CLANG_WARN_DIRECT_OBJC_ISA_USAGE = YES_ERROR;
				CLANG_WARN_DOCUMENTATION_COMMENTS = YES;
				CLANG_WARN_EMPTY_BODY = YES;
				CLANG_WARN_ENUM_CONVERSION = YES;
				CLANG_WARN_INFINITE_RECURSION = YES;
				CLANG_WARN_INT_CONVERSION = YES;
				CLANG_WARN_NON_LITERAL_NULL_CONVERSION = YES;
				CLANG_WARN_OBJC_IMPLICIT_RETAIN_SELF = YES;
				CLANG_WARN_OBJC_LITERAL_CONVERSION = YES;
				CLANG_WARN_OBJC_ROOT_CLASS = YES_ERROR;
				CLANG_WARN_QUOTED_INCLUDE_IN_FRAMEWORK_HEADER = YES;
				CLANG_WARN_RANGE_LOOP_ANALYSIS = YES;
				CLANG_WARN_STRICT_PROTOTYPES = YES;
				CLANG_WARN_SUSPICIOUS_MOVE = YES;
				CLANG_WARN_UNGUARDED_AVAILABILITY = YES_AGGRESSIVE;
				CLANG_WARN_UNREACHABLE_CODE = YES;
				CLANG_WARN__DUPLICATE_METHOD_MATCH = YES;
				COPY_PHASE_STRIP = NO;
				DEBUG_INFORMATION_FORMAT = "dwarf-with-dsym";
				ENABLE_NS_ASSERTIONS = NO;
				ENABLE_STRICT_OBJC_MSGSEND = YES;
				GCC_C_LANGUAGE_STANDARD = gnu11;
				GCC_NO_COMMON_BLOCKS = YES;
				GCC_WARN_64_TO_32_BIT_CONVERSION = YES;
				GCC_WARN_ABOUT_RETURN_TYPE = YES_ERROR;
				GCC_WARN_UNDECLARED_SELECTOR = YES;
				GCC_WARN_UNINITIALIZED_AUTOS = YES_AGGRESSIVE;
				GCC_WARN_UNUSED_FUNCTION = YES;
				GCC_WARN_UNUSED_VARIABLE = YES;
				IPHONEOS_DEPLOYMENT_TARGET = 15.5;
				MTL_ENABLE_DEBUG_INFO = NO;
				MTL_FAST_MATH = YES;
				SDKROOT = iphoneos;
				SWIFT_COMPILATION_MODE = wholemodule;
				SWIFT_OPTIMIZATION_LEVEL = "-O";
				VALIDATE_PRODUCT = YES;
			};
			name = Release;
		};
		71A20454286BB2AF00790CF9 /* Debug */ = {
			isa = XCBuildConfiguration;
			buildSettings = {
				ASSETCATALOG_COMPILER_APPICON_NAME = AppIcon;
				ASSETCATALOG_COMPILER_GLOBAL_ACCENT_COLOR_NAME = AccentColor;
				CODE_SIGN_STYLE = Automatic;
				CURRENT_PROJECT_VERSION = 1;
				DEVELOPMENT_TEAM = B6P4HYQ23P;
				GENERATE_INFOPLIST_FILE = YES;
				INFOPLIST_FILE = Maritimum/Info.plist;
				INFOPLIST_KEY_UIApplicationSupportsIndirectInputEvents = YES;
				INFOPLIST_KEY_UILaunchStoryboardName = LaunchScreen;
				INFOPLIST_KEY_UIMainStoryboardFile = Main;
				INFOPLIST_KEY_UISupportedInterfaceOrientations_iPad = "UIInterfaceOrientationPortrait UIInterfaceOrientationPortraitUpsideDown UIInterfaceOrientationLandscapeLeft UIInterfaceOrientationLandscapeRight";
				INFOPLIST_KEY_UISupportedInterfaceOrientations_iPhone = "UIInterfaceOrientationPortrait UIInterfaceOrientationLandscapeLeft UIInterfaceOrientationLandscapeRight";
				LD_RUNPATH_SEARCH_PATHS = (
					"$(inherited)",
					"@executable_path/Frameworks",
				);
				MARKETING_VERSION = 1.0;
				PRODUCT_BUNDLE_IDENTIFIER = com.LlogariCasas.Maritimum;
				PRODUCT_NAME = "$(TARGET_NAME)";
				SWIFT_EMIT_LOC_STRINGS = YES;
				SWIFT_VERSION = 5.0;
				TARGETED_DEVICE_FAMILY = "1,2";
			};
			name = Debug;
		};
		71A20455286BB2AF00790CF9 /* Release */ = {
			isa = XCBuildConfiguration;
			buildSettings = {
				ASSETCATALOG_COMPILER_APPICON_NAME = AppIcon;
				ASSETCATALOG_COMPILER_GLOBAL_ACCENT_COLOR_NAME = AccentColor;
				CODE_SIGN_STYLE = Automatic;
				CURRENT_PROJECT_VERSION = 1;
				DEVELOPMENT_TEAM = B6P4HYQ23P;
				GENERATE_INFOPLIST_FILE = YES;
				INFOPLIST_FILE = Maritimum/Info.plist;
				INFOPLIST_KEY_UIApplicationSupportsIndirectInputEvents = YES;
				INFOPLIST_KEY_UILaunchStoryboardName = LaunchScreen;
				INFOPLIST_KEY_UIMainStoryboardFile = Main;
				INFOPLIST_KEY_UISupportedInterfaceOrientations_iPad = "UIInterfaceOrientationPortrait UIInterfaceOrientationPortraitUpsideDown UIInterfaceOrientationLandscapeLeft UIInterfaceOrientationLandscapeRight";
				INFOPLIST_KEY_UISupportedInterfaceOrientations_iPhone = "UIInterfaceOrientationPortrait UIInterfaceOrientationLandscapeLeft UIInterfaceOrientationLandscapeRight";
				LD_RUNPATH_SEARCH_PATHS = (
					"$(inherited)",
					"@executable_path/Frameworks",
				);
				MARKETING_VERSION = 1.0;
				PRODUCT_BUNDLE_IDENTIFIER = com.LlogariCasas.Maritimum;
				PRODUCT_NAME = "$(TARGET_NAME)";
				SWIFT_EMIT_LOC_STRINGS = YES;
				SWIFT_VERSION = 5.0;
				TARGETED_DEVICE_FAMILY = "1,2";
			};
			name = Release;
		};
		71A20457286BB2AF00790CF9 /* Debug */ = {
			isa = XCBuildConfiguration;
			buildSettings = {
				ALWAYS_EMBED_SWIFT_STANDARD_LIBRARIES = YES;
				BUNDLE_LOADER = "$(TEST_HOST)";
				CODE_SIGN_STYLE = Automatic;
				CURRENT_PROJECT_VERSION = 1;
				DEVELOPMENT_TEAM = B6P4HYQ23P;
				GENERATE_INFOPLIST_FILE = YES;
				IPHONEOS_DEPLOYMENT_TARGET = 15.5;
				MARKETING_VERSION = 1.0;
				PRODUCT_BUNDLE_IDENTIFIER = com.LlogariCasas.MaritimumTests;
				PRODUCT_NAME = "$(TARGET_NAME)";
				SWIFT_EMIT_LOC_STRINGS = NO;
				SWIFT_VERSION = 5.0;
				TARGETED_DEVICE_FAMILY = "1,2";
				TEST_HOST = "$(BUILT_PRODUCTS_DIR)/Maritimum.app/Maritimum";
			};
			name = Debug;
		};
		71A20458286BB2AF00790CF9 /* Release */ = {
			isa = XCBuildConfiguration;
			buildSettings = {
				ALWAYS_EMBED_SWIFT_STANDARD_LIBRARIES = YES;
				BUNDLE_LOADER = "$(TEST_HOST)";
				CODE_SIGN_STYLE = Automatic;
				CURRENT_PROJECT_VERSION = 1;
				DEVELOPMENT_TEAM = B6P4HYQ23P;
				GENERATE_INFOPLIST_FILE = YES;
				IPHONEOS_DEPLOYMENT_TARGET = 15.5;
				MARKETING_VERSION = 1.0;
				PRODUCT_BUNDLE_IDENTIFIER = com.LlogariCasas.MaritimumTests;
				PRODUCT_NAME = "$(TARGET_NAME)";
				SWIFT_EMIT_LOC_STRINGS = NO;
				SWIFT_VERSION = 5.0;
				TARGETED_DEVICE_FAMILY = "1,2";
				TEST_HOST = "$(BUILT_PRODUCTS_DIR)/Maritimum.app/Maritimum";
			};
			name = Release;
		};
		71A2045A286BB2AF00790CF9 /* Debug */ = {
			isa = XCBuildConfiguration;
			buildSettings = {
				ALWAYS_EMBED_SWIFT_STANDARD_LIBRARIES = YES;
				CODE_SIGN_STYLE = Automatic;
				CURRENT_PROJECT_VERSION = 1;
				DEVELOPMENT_TEAM = B6P4HYQ23P;
				GENERATE_INFOPLIST_FILE = YES;
				MARKETING_VERSION = 1.0;
				PRODUCT_BUNDLE_IDENTIFIER = com.LlogariCasas.MaritimumUITests;
				PRODUCT_NAME = "$(TARGET_NAME)";
				SWIFT_EMIT_LOC_STRINGS = NO;
				SWIFT_VERSION = 5.0;
				TARGETED_DEVICE_FAMILY = "1,2";
				TEST_TARGET_NAME = Maritimum;
			};
			name = Debug;
		};
		71A2045B286BB2AF00790CF9 /* Release */ = {
			isa = XCBuildConfiguration;
			buildSettings = {
				ALWAYS_EMBED_SWIFT_STANDARD_LIBRARIES = YES;
				CODE_SIGN_STYLE = Automatic;
				CURRENT_PROJECT_VERSION = 1;
				DEVELOPMENT_TEAM = B6P4HYQ23P;
				GENERATE_INFOPLIST_FILE = YES;
				MARKETING_VERSION = 1.0;
				PRODUCT_BUNDLE_IDENTIFIER = com.LlogariCasas.MaritimumUITests;
				PRODUCT_NAME = "$(TARGET_NAME)";
				SWIFT_EMIT_LOC_STRINGS = NO;
				SWIFT_VERSION = 5.0;
				TARGETED_DEVICE_FAMILY = "1,2";
				TEST_TARGET_NAME = Maritimum;
			};
			name = Release;
		};
/* End XCBuildConfiguration section */

/* Begin XCConfigurationList section */
		71A20421286BB2AE00790CF9 /* Build configuration list for PBXProject "Maritimum" */ = {
			isa = XCConfigurationList;
			buildConfigurations = (
				71A20451286BB2AF00790CF9 /* Debug */,
				71A20452286BB2AF00790CF9 /* Release */,
			);
			defaultConfigurationIsVisible = 0;
			defaultConfigurationName = Release;
		};
		71A20453286BB2AF00790CF9 /* Build configuration list for PBXNativeTarget "Maritimum" */ = {
			isa = XCConfigurationList;
			buildConfigurations = (
				71A20454286BB2AF00790CF9 /* Debug */,
				71A20455286BB2AF00790CF9 /* Release */,
			);
			defaultConfigurationIsVisible = 0;
			defaultConfigurationName = Release;
		};
		71A20456286BB2AF00790CF9 /* Build configuration list for PBXNativeTarget "MaritimumTests" */ = {
			isa = XCConfigurationList;
			buildConfigurations = (
				71A20457286BB2AF00790CF9 /* Debug */,
				71A20458286BB2AF00790CF9 /* Release */,
			);
			defaultConfigurationIsVisible = 0;
			defaultConfigurationName = Release;
		};
		71A20459286BB2AF00790CF9 /* Build configuration list for PBXNativeTarget "MaritimumUITests" */ = {
			isa = XCConfigurationList;
			buildConfigurations = (
				71A2045A286BB2AF00790CF9 /* Debug */,
				71A2045B286BB2AF00790CF9 /* Release */,
			);
			defaultConfigurationIsVisible = 0;
			defaultConfigurationName = Release;
		};
/* End XCConfigurationList section */

/* Begin XCVersionGroup section */
		71A20432286BB2AE00790CF9 /* Maritimum.xcdatamodeld */ = {
			isa = XCVersionGroup;
			children = (
				71A20433286BB2AE00790CF9 /* Maritimum.xcdatamodel */,
			);
			currentVersion = 71A20433286BB2AE00790CF9 /* Maritimum.xcdatamodel */;
			path = Maritimum.xcdatamodeld;
			sourceTree = "<group>";
			versionGroupType = wrapper.xcdatamodel;
		};
/* End XCVersionGroup section */
	};
	rootObject = 71A2041E286BB2AE00790CF9 /* Project object */;
}
